{
  "name": "deepscientist",
  "version": "0.1.0",
  "lockfileVersion": 3,
  "requires": true,
  "packages": {
    "": {
      "name": "deepscientist",
      "version": "0.1.0",
      "hasInstallScript": true,
      "bin": {
        "ds": "bin/ds.js",
        "ds-cli": "bin/ds.js",
        "resear": "bin/ds.js",
        "research": "bin/ds.js"
      }
    }
  }
}
